
Microsoft Visual Studio Solution File, Format Version 12.00
# Visual Studio 15
VisualStudioVersion = 15.0.28307.960
MinimumVisualStudioVersion = 10.0.40219.1
Project("{FAE04EC0-301F-11D3-BF4B-00C04F79EFBC}") = "file_producer", "file_management\file_producer.csproj", "{CCA16056-AF56-4643-9B9F-B15D2A5503CD}"
EndProject
Project("{FAE04EC0-301F-11D3-BF4B-00C04F79EFBC}") = "file_watcher", "file_watcher\file_watcher.csproj", "{B26F9209-8629-4778-B450-DFAE518347B7}"
EndProject
Global
	GlobalSection(SolutionConfigurationPlatforms) = preSolution
		Debug|Any CPU = Debug|Any CPU
		Release|Any CPU = Release|Any CPU
	EndGlobalSection
	GlobalSection(ProjectConfigurationPlatforms) = postSolution
		{CCA16056-AF56-4643-9B9F-B15D2A5503CD}.Debug|Any CPU.ActiveCfg = Debug|Any CPU
		{CCA16056-AF56-4643-9B9F-B15D2A5503CD}.Debug|Any CPU.Build.0 = Debug|Any CPU
		{CCA16056-AF56-4643-9B9F-B15D2A5503CD}.Release|Any CPU.ActiveCfg = Release|Any CPU
		{CCA16056-AF56-4643-9B9F-B15D2A5503CD}.Release|Any CPU.Build.0 = Release|Any CPU
		{B26F9209-8629-4778-B450-DFAE518347B7}.Debug|Any CPU.ActiveCfg = Debug|Any CPU
		{B26F9209-8629-4778-B450-DFAE518347B7}.Debug|Any CPU.Build.0 = Debug|Any CPU
		{B26F9209-8629-4778-B450-DFAE518347B7}.Release|Any CPU.ActiveCfg = Release|Any CPU
		{B26F9209-8629-4778-B450-DFAE518347B7}.Release|Any CPU.Build.0 = Release|Any CPU
	EndGlobalSection
	GlobalSection(SolutionProperties) = preSolution
		HideSolutionNode = FALSE
	EndGlobalSection
	GlobalSection(ExtensibilityGlobals) = postSolution
		SolutionGuid = {6DBFC147-D47F-4425-945B-56CC15CF1494}
	EndGlobalSection
EndGlobal
